
Microsoft Visual Studio Solution File, Format Version 11.00
# Visual Studio 2010
Project("{FAE04EC0-301F-11D3-BF4B-00C04F79EFBC}") = "Assembly-CSharp-Editor", "Assembly-CSharp-Editor.csproj", "{2e555375-3e05-2607-f6db-f0a5bbbda197}"
EndProject
Project("{FAE04EC0-301F-11D3-BF4B-00C04F79EFBC}") = "Assembly-CSharp", "Assembly-CSharp.csproj", "{4825222a-3553-59f7-40aa-b879f670b751}"
EndProject
Global
	GlobalSection(SolutionConfigurationPlatforms) = preSolution
		Debug|Any CPU = Debug|Any CPU
	EndGlobalSection
	GlobalSection(ProjectConfigurationPlatforms) = postSolution
		{2e555375-3e05-2607-f6db-f0a5bbbda197}.Debug|Any CPU.ActiveCfg = Debug|Any CPU
		{2e555375-3e05-2607-f6db-f0a5bbbda197}.Debug|Any CPU.Build.0 = Debug|Any CPU
		{4825222a-3553-59f7-40aa-b879f670b751}.Debug|Any CPU.ActiveCfg = Debug|Any CPU
		{4825222a-3553-59f7-40aa-b879f670b751}.Debug|Any CPU.Build.0 = Debug|Any CPU
	EndGlobalSection
	GlobalSection(SolutionProperties) = preSolution
		HideSolutionNode = FALSE
	EndGlobalSection
EndGlobal
